
Microsoft Visual Studio Solution File, Format Version 12.00
# Visual Studio Version 17
VisualStudioVersion = 17.3.32922.545
MinimumVisualStudioVersion = 10.0.40219.1
Project("{FAE04EC0-301F-11D3-BF4B-00C04F79EFBC}") = "Schedular_UI", "Schedular UI\Schedular_UI.csproj", "{F4B888C4-14D4-445E-9E83-E55CB515A582}"
EndProject
Project("{2150E333-8FDC-42A3-9474-1A3956D46DE8}") = "솔루션 항목", "솔루션 항목", "{AC8C0109-8042-4C3E-8FC5-ACDF70490772}"
	ProjectSection(SolutionItems) = preProject
		Schedule.cs = Schedule.cs
	EndProjectSection
EndProject
Project("{FAE04EC0-301F-11D3-BF4B-00C04F79EFBC}") = "CalendarForm.cs", "CalendarForm.cs\CalendarForm.cs.csproj", "{E2A87C8D-B5E4-483E-BE67-5B5A48B66786}"
EndProject
Global
	GlobalSection(SolutionConfigurationPlatforms) = preSolution
		Debug|Any CPU = Debug|Any CPU
		Release|Any CPU = Release|Any CPU
	EndGlobalSection
	GlobalSection(ProjectConfigurationPlatforms) = postSolution
		{F4B888C4-14D4-445E-9E83-E55CB515A582}.Debug|Any CPU.ActiveCfg = Debug|Any CPU
		{F4B888C4-14D4-445E-9E83-E55CB515A582}.Debug|Any CPU.Build.0 = Debug|Any CPU
		{F4B888C4-14D4-445E-9E83-E55CB515A582}.Release|Any CPU.ActiveCfg = Release|Any CPU
		{F4B888C4-14D4-445E-9E83-E55CB515A582}.Release|Any CPU.Build.0 = Release|Any CPU
		{E2A87C8D-B5E4-483E-BE67-5B5A48B66786}.Debug|Any CPU.ActiveCfg = Debug|Any CPU
		{E2A87C8D-B5E4-483E-BE67-5B5A48B66786}.Debug|Any CPU.Build.0 = Debug|Any CPU
		{E2A87C8D-B5E4-483E-BE67-5B5A48B66786}.Release|Any CPU.ActiveCfg = Release|Any CPU
		{E2A87C8D-B5E4-483E-BE67-5B5A48B66786}.Release|Any CPU.Build.0 = Release|Any CPU
	EndGlobalSection
	GlobalSection(SolutionProperties) = preSolution
		HideSolutionNode = FALSE
	EndGlobalSection
	GlobalSection(ExtensibilityGlobals) = postSolution
		SolutionGuid = {163E9449-3D6D-48BD-B73B-2439123B437B}
	EndGlobalSection
EndGlobal
